{
  "name": "site",
  "lockfileVersion": 3,
  "requires": true,
  "packages": {
    "": {
      "dependencies": {
        "qu": "^0.1.0",
        "simplesets": "^1.2.0",
        "ws": "^8.18.3"
      }
    },
    "node_modules/qu": {
      "version": "0.1.0",
      "resolved": "https://registry.npmjs.org/qu/-/qu-0.1.0.tgz",
      "integrity": "sha512-NCXF+AWArzRE5x5Q+Z6ET+rRePJHDuCu2xG3Xosg+Cu5QBfBPHYM1u3Ovp4O8YE5gRzd3CUL8EyRuOv3D2+53A==",
      "engines": {
        "node": "*"
      }
    },
    "node_modules/simplesets": {
      "version": "1.2.0",
      "resolved": "https://registry.npmjs.org/simplesets/-/simplesets-1.2.0.tgz",
      "integrity": "sha512-dMvnx/ITjxvdPJiCo2ZtISG6bNuQ8+Hk7/NYGPcEcA4q2sO2WrMSkNHMKkL6dhRYPHjr5oGWDWnHVogkOPHdgg==",
      "engines": {
        "node": "*"
      }
    },
    "node_modules/ws": {
      "version": "8.18.3",
      "resolved": "https://registry.npmjs.org/ws/-/ws-8.18.3.tgz",
      "integrity": "sha512-PEIGCY5tSlUt50cqyMXfCzX+oOPqN0vuGqWzbcJ2xvnkzkq46oOpz7dQaTDBdfICb4N14+GARUDw2XV2N4tvzg==",
      "license": "MIT",
      "engines": {
        "node": ">=10.0.0"
      },
      "peerDependencies": {
        "bufferutil": "^4.0.1",
        "utf-8-validate": ">=5.0.2"
      },
      "peerDependenciesMeta": {
        "bufferutil": {
          "optional": true
        },
        "utf-8-validate": {
          "optional": true
        }
      }
    }
  }
}
